
Microsoft Visual Studio Solution File, Format Version 12.00
# Visual Studio Version 17
VisualStudioVersion = 17.3.32929.385
MinimumVisualStudioVersion = 10.0.40219.1
Project("{9A19103F-16F7-4668-BE54-9A1E7A4F7556}") = "Bercea_Anelise_Laborator2_MPA", "Bercea_Anelise_Laborator2_MPA.csproj", "{C882B37E-2810-440C-AF7F-7F009B85D0AF}"
EndProject
Project("{9A19103F-16F7-4668-BE54-9A1E7A4F7556}") = "LibraryModel", "..\LibraryModel\LibraryModel.csproj", "{7EFEEE5B-9E3E-41B0-A131-5EBF29F7BC30}"
EndProject
Project("{9A19103F-16F7-4668-BE54-9A1E7A4F7556}") = "LibraryWebAPI", "..\LibraryWebAPI\LibraryWebAPI.csproj", "{32E04C83-9217-4195-ACF9-0ECA159E531C}"
EndProject
Project("{FAE04EC0-301F-11D3-BF4B-00C04F79EFBC}") = "GrpcCustomersService", "..\GrpcCustomersService\GrpcCustomersService.csproj", "{26150208-3E3C-44AE-A55E-A3C678C696FD}"
EndProject
Global
	GlobalSection(SolutionConfigurationPlatforms) = preSolution
		Debug|Any CPU = Debug|Any CPU
		Release|Any CPU = Release|Any CPU
	EndGlobalSection
	GlobalSection(ProjectConfigurationPlatforms) = postSolution
		{C882B37E-2810-440C-AF7F-7F009B85D0AF}.Debug|Any CPU.ActiveCfg = Debug|Any CPU
		{C882B37E-2810-440C-AF7F-7F009B85D0AF}.Debug|Any CPU.Build.0 = Debug|Any CPU
		{C882B37E-2810-440C-AF7F-7F009B85D0AF}.Release|Any CPU.ActiveCfg = Release|Any CPU
		{C882B37E-2810-440C-AF7F-7F009B85D0AF}.Release|Any CPU.Build.0 = Release|Any CPU
		{7EFEEE5B-9E3E-41B0-A131-5EBF29F7BC30}.Debug|Any CPU.ActiveCfg = Debug|Any CPU
		{7EFEEE5B-9E3E-41B0-A131-5EBF29F7BC30}.Debug|Any CPU.Build.0 = Debug|Any CPU
		{7EFEEE5B-9E3E-41B0-A131-5EBF29F7BC30}.Release|Any CPU.ActiveCfg = Release|Any CPU
		{7EFEEE5B-9E3E-41B0-A131-5EBF29F7BC30}.Release|Any CPU.Build.0 = Release|Any CPU
		{32E04C83-9217-4195-ACF9-0ECA159E531C}.Debug|Any CPU.ActiveCfg = Debug|Any CPU
		{32E04C83-9217-4195-ACF9-0ECA159E531C}.Debug|Any CPU.Build.0 = Debug|Any CPU
		{32E04C83-9217-4195-ACF9-0ECA159E531C}.Release|Any CPU.ActiveCfg = Release|Any CPU
		{32E04C83-9217-4195-ACF9-0ECA159E531C}.Release|Any CPU.Build.0 = Release|Any CPU
		{26150208-3E3C-44AE-A55E-A3C678C696FD}.Debug|Any CPU.ActiveCfg = Debug|Any CPU
		{26150208-3E3C-44AE-A55E-A3C678C696FD}.Debug|Any CPU.Build.0 = Debug|Any CPU
		{26150208-3E3C-44AE-A55E-A3C678C696FD}.Release|Any CPU.ActiveCfg = Release|Any CPU
		{26150208-3E3C-44AE-A55E-A3C678C696FD}.Release|Any CPU.Build.0 = Release|Any CPU
	EndGlobalSection
	GlobalSection(SolutionProperties) = preSolution
		HideSolutionNode = FALSE
	EndGlobalSection
	GlobalSection(ExtensibilityGlobals) = postSolution
		SolutionGuid = {A020F4E1-74AC-4100-AE3D-50E660D6F176}
	EndGlobalSection
EndGlobal
